
Microsoft Visual Studio Solution File, Format Version 12.00
# Visual Studio Version 17
VisualStudioVersion = 17.13.35931.197 d17.13
MinimumVisualStudioVersion = 10.0.40219.1
Project("{FAE04EC0-301F-11D3-BF4B-00C04F79EFBC}") = "Nhom3LapTrinhUngDung.Net", "Nhom3LapTrinhUngDung.Net\Nhom3LapTrinhUngDung.Net.csproj", "{D29698E9-7B79-41F9-8CC5-DD696D5F09F1}"
EndProject
Global
	GlobalSection(SolutionConfigurationPlatforms) = preSolution
		Debug|Any CPU = Debug|Any CPU
		Release|Any CPU = Release|Any CPU
	EndGlobalSection
	GlobalSection(ProjectConfigurationPlatforms) = postSolution
		{D29698E9-7B79-41F9-8CC5-DD696D5F09F1}.Debug|Any CPU.ActiveCfg = Debug|Any CPU
		{D29698E9-7B79-41F9-8CC5-DD696D5F09F1}.Debug|Any CPU.Build.0 = Debug|Any CPU
		{D29698E9-7B79-41F9-8CC5-DD696D5F09F1}.Release|Any CPU.ActiveCfg = Release|Any CPU
		{D29698E9-7B79-41F9-8CC5-DD696D5F09F1}.Release|Any CPU.Build.0 = Release|Any CPU
	EndGlobalSection
	GlobalSection(SolutionProperties) = preSolution
		HideSolutionNode = FALSE
	EndGlobalSection
	GlobalSection(ExtensibilityGlobals) = postSolution
		SolutionGuid = {2D51E84A-A947-4DE1-9CD8-DE41B910EDCD}
	EndGlobalSection
EndGlobal
